
Microsoft Visual Studio Solution File, Format Version 12.00
# Visual Studio Version 17
VisualStudioVersion = 17.4.33122.133
MinimumVisualStudioVersion = 10.0.40219.1
Project("{9A19103F-16F7-4668-BE54-9A1E7A4F7556}") = "Garage3BL", "Garage3BL.csproj", "{BB8B395F-7C55-44C6-83A5-EBD15DC38F31}"
EndProject
Project("{9A19103F-16F7-4668-BE54-9A1E7A4F7556}") = "Garage3.Core", "..\Garage3.Core\Garage3.Core.csproj", "{646C26F4-AC33-42E3-89CB-DD1E25A91994}"
EndProject
Project("{FAE04EC0-301F-11D3-BF4B-00C04F79EFBC}") = "Garage3.Data", "..\Garage3.Data\Garage3.Data.csproj", "{73C7C0E0-7DF7-469A-B245-80768EE4771A}"
EndProject
Global
	GlobalSection(SolutionConfigurationPlatforms) = preSolution
		Debug|Any CPU = Debug|Any CPU
		Release|Any CPU = Release|Any CPU
	EndGlobalSection
	GlobalSection(ProjectConfigurationPlatforms) = postSolution
		{BB8B395F-7C55-44C6-83A5-EBD15DC38F31}.Debug|Any CPU.ActiveCfg = Debug|Any CPU
		{BB8B395F-7C55-44C6-83A5-EBD15DC38F31}.Debug|Any CPU.Build.0 = Debug|Any CPU
		{BB8B395F-7C55-44C6-83A5-EBD15DC38F31}.Release|Any CPU.ActiveCfg = Release|Any CPU
		{BB8B395F-7C55-44C6-83A5-EBD15DC38F31}.Release|Any CPU.Build.0 = Release|Any CPU
		{646C26F4-AC33-42E3-89CB-DD1E25A91994}.Debug|Any CPU.ActiveCfg = Debug|Any CPU
		{646C26F4-AC33-42E3-89CB-DD1E25A91994}.Debug|Any CPU.Build.0 = Debug|Any CPU
		{646C26F4-AC33-42E3-89CB-DD1E25A91994}.Release|Any CPU.ActiveCfg = Release|Any CPU
		{646C26F4-AC33-42E3-89CB-DD1E25A91994}.Release|Any CPU.Build.0 = Release|Any CPU
		{73C7C0E0-7DF7-469A-B245-80768EE4771A}.Debug|Any CPU.ActiveCfg = Debug|Any CPU
		{73C7C0E0-7DF7-469A-B245-80768EE4771A}.Debug|Any CPU.Build.0 = Debug|Any CPU
		{73C7C0E0-7DF7-469A-B245-80768EE4771A}.Release|Any CPU.ActiveCfg = Release|Any CPU
		{73C7C0E0-7DF7-469A-B245-80768EE4771A}.Release|Any CPU.Build.0 = Release|Any CPU
	EndGlobalSection
	GlobalSection(SolutionProperties) = preSolution
		HideSolutionNode = FALSE
	EndGlobalSection
	GlobalSection(ExtensibilityGlobals) = postSolution
		SolutionGuid = {B2ADFF95-C320-44E1-A74D-CB42717728AE}
	EndGlobalSection
EndGlobal
